
Microsoft Visual Studio Solution File, Format Version 12.00
# Visual Studio Version 16
VisualStudioVersion = 16.0.31911.196
MinimumVisualStudioVersion = 10.0.40219.1
Project("{FAE04EC0-301F-11D3-BF4B-00C04F79EFBC}") = "GamologyAPI", "GamologyAPI\GamologyAPI.csproj", "{A7710A31-EE63-4AC4-8CEB-9097530125FD}"
EndProject
Global
	GlobalSection(SolutionConfigurationPlatforms) = preSolution
		Debug|Any CPU = Debug|Any CPU
		Release|Any CPU = Release|Any CPU
	EndGlobalSection
	GlobalSection(ProjectConfigurationPlatforms) = postSolution
		{A7710A31-EE63-4AC4-8CEB-9097530125FD}.Debug|Any CPU.ActiveCfg = Debug|Any CPU
		{A7710A31-EE63-4AC4-8CEB-9097530125FD}.Debug|Any CPU.Build.0 = Debug|Any CPU
		{A7710A31-EE63-4AC4-8CEB-9097530125FD}.Release|Any CPU.ActiveCfg = Release|Any CPU
		{A7710A31-EE63-4AC4-8CEB-9097530125FD}.Release|Any CPU.Build.0 = Release|Any CPU
	EndGlobalSection
	GlobalSection(SolutionProperties) = preSolution
		HideSolutionNode = FALSE
	EndGlobalSection
	GlobalSection(ExtensibilityGlobals) = postSolution
		SolutionGuid = {56007C15-9DF1-45BD-87AA-09551DE5275D}
	EndGlobalSection
EndGlobal
